
Microsoft Visual Studio Solution File, Format Version 12.00
# Visual Studio Version 16
VisualStudioVersion = 16.0.31112.23
MinimumVisualStudioVersion = 10.0.40219.1
Project("{FAE04EC0-301F-11D3-BF4B-00C04F79EFBC}") = "ActionFilterDemo", "ActionFilterDemo\ActionFilterDemo.csproj", "{B1E09336-70BB-48AC-AE6E-46F5DD6F739A}"
EndProject
Global
	GlobalSection(SolutionConfigurationPlatforms) = preSolution
		Debug|Any CPU = Debug|Any CPU
		Release|Any CPU = Release|Any CPU
	EndGlobalSection
	GlobalSection(ProjectConfigurationPlatforms) = postSolution
		{B1E09336-70BB-48AC-AE6E-46F5DD6F739A}.Debug|Any CPU.ActiveCfg = Debug|Any CPU
		{B1E09336-70BB-48AC-AE6E-46F5DD6F739A}.Debug|Any CPU.Build.0 = Debug|Any CPU
		{B1E09336-70BB-48AC-AE6E-46F5DD6F739A}.Release|Any CPU.ActiveCfg = Release|Any CPU
		{B1E09336-70BB-48AC-AE6E-46F5DD6F739A}.Release|Any CPU.Build.0 = Release|Any CPU
	EndGlobalSection
	GlobalSection(SolutionProperties) = preSolution
		HideSolutionNode = FALSE
	EndGlobalSection
	GlobalSection(ExtensibilityGlobals) = postSolution
		SolutionGuid = {D8E6A97B-92B3-4D51-8AF4-AF7532F4A7E2}
	EndGlobalSection
EndGlobal
